
Microsoft Visual Studio Solution File, Format Version 12.00
# Visual Studio Version 16
VisualStudioVersion = 16.0.30011.22
MinimumVisualStudioVersion = 10.0.40219.1
Project("{FAE04EC0-301F-11D3-BF4B-00C04F79EFBC}") = "JwtBasedAuthExample", "JwtTokenBasedAuthExample\JwtBasedAuthExample.csproj", "{2FEE2278-8D8C-4F4E-8A1E-A3FA752D753A}"
EndProject
Global
	GlobalSection(SolutionConfigurationPlatforms) = preSolution
		Debug|Any CPU = Debug|Any CPU
		Release|Any CPU = Release|Any CPU
	EndGlobalSection
	GlobalSection(ProjectConfigurationPlatforms) = postSolution
		{2FEE2278-8D8C-4F4E-8A1E-A3FA752D753A}.Debug|Any CPU.ActiveCfg = Debug|Any CPU
		{2FEE2278-8D8C-4F4E-8A1E-A3FA752D753A}.Debug|Any CPU.Build.0 = Debug|Any CPU
		{2FEE2278-8D8C-4F4E-8A1E-A3FA752D753A}.Release|Any CPU.ActiveCfg = Release|Any CPU
		{2FEE2278-8D8C-4F4E-8A1E-A3FA752D753A}.Release|Any CPU.Build.0 = Release|Any CPU
	EndGlobalSection
	GlobalSection(SolutionProperties) = preSolution
		HideSolutionNode = FALSE
	EndGlobalSection
	GlobalSection(ExtensibilityGlobals) = postSolution
		SolutionGuid = {E26D2268-3226-4334-B8BC-A1D85425E027}
	EndGlobalSection
EndGlobal
